
Microsoft Visual Studio Solution File, Format Version 12.00
# Visual Studio Version 17
VisualStudioVersion = 17.0.31912.275
MinimumVisualStudioVersion = 10.0.40219.1
Project("{FAE04EC0-301F-11D3-BF4B-00C04F79EFBC}") = "基本图形绘制", "基本图形绘制.csproj", "{8B852704-8222-4F08-A891-1BA1CBC5BB9C}"
EndProject
Global
	GlobalSection(SolutionConfigurationPlatforms) = preSolution
		Debug|Any CPU = Debug|Any CPU
		Release|Any CPU = Release|Any CPU
	EndGlobalSection
	GlobalSection(ProjectConfigurationPlatforms) = postSolution
		{8B852704-8222-4F08-A891-1BA1CBC5BB9C}.Debug|Any CPU.ActiveCfg = Debug|Any CPU
		{8B852704-8222-4F08-A891-1BA1CBC5BB9C}.Debug|Any CPU.Build.0 = Debug|Any CPU
		{8B852704-8222-4F08-A891-1BA1CBC5BB9C}.Release|Any CPU.ActiveCfg = Release|Any CPU
		{8B852704-8222-4F08-A891-1BA1CBC5BB9C}.Release|Any CPU.Build.0 = Release|Any CPU
	EndGlobalSection
	GlobalSection(SolutionProperties) = preSolution
		HideSolutionNode = FALSE
	EndGlobalSection
	GlobalSection(ExtensibilityGlobals) = postSolution
		SolutionGuid = {6F655B90-55C3-4BC2-8080-7CE0F2F4FFA4}
	EndGlobalSection
EndGlobal
